
Microsoft Visual Studio Solution File, Format Version 12.00
# Visual Studio Version 17
VisualStudioVersion = 17.0.32014.148
MinimumVisualStudioVersion = 10.0.40219.1
Project("{FAE04EC0-301F-11D3-BF4B-00C04F79EFBC}") = "zahranStore", "zahranStore\zahranStore.csproj", "{30A716C4-F0C0-4857-B048-0D430BA48054}"
EndProject
Global
	GlobalSection(SolutionConfigurationPlatforms) = preSolution
		Debug|Any CPU = Debug|Any CPU
		Release|Any CPU = Release|Any CPU
	EndGlobalSection
	GlobalSection(ProjectConfigurationPlatforms) = postSolution
		{30A716C4-F0C0-4857-B048-0D430BA48054}.Debug|Any CPU.ActiveCfg = Debug|Any CPU
		{30A716C4-F0C0-4857-B048-0D430BA48054}.Debug|Any CPU.Build.0 = Debug|Any CPU
		{30A716C4-F0C0-4857-B048-0D430BA48054}.Release|Any CPU.ActiveCfg = Release|Any CPU
		{30A716C4-F0C0-4857-B048-0D430BA48054}.Release|Any CPU.Build.0 = Release|Any CPU
	EndGlobalSection
	GlobalSection(SolutionProperties) = preSolution
		HideSolutionNode = FALSE
	EndGlobalSection
	GlobalSection(ExtensibilityGlobals) = postSolution
		SolutionGuid = {554C1E6E-5DFF-49C6-9164-35FD621929A9}
	EndGlobalSection
EndGlobal
